
Microsoft Visual Studio Solution File, Format Version 12.00
# Visual Studio Version 17
VisualStudioVersion = 17.5.33530.505
MinimumVisualStudioVersion = 10.0.40219.1
Project("{FAE04EC0-301F-11D3-BF4B-00C04F79EFBC}") = "Supermarket-mvp", "Supermarket-mvp.csproj", "{72533922-0C42-4A66-A224-F605AEE553BF}"
EndProject
Global
	GlobalSection(SolutionConfigurationPlatforms) = preSolution
		Debug|Any CPU = Debug|Any CPU
		Release|Any CPU = Release|Any CPU
	EndGlobalSection
	GlobalSection(ProjectConfigurationPlatforms) = postSolution
		{72533922-0C42-4A66-A224-F605AEE553BF}.Debug|Any CPU.ActiveCfg = Debug|Any CPU
		{72533922-0C42-4A66-A224-F605AEE553BF}.Debug|Any CPU.Build.0 = Debug|Any CPU
		{72533922-0C42-4A66-A224-F605AEE553BF}.Release|Any CPU.ActiveCfg = Release|Any CPU
		{72533922-0C42-4A66-A224-F605AEE553BF}.Release|Any CPU.Build.0 = Release|Any CPU
	EndGlobalSection
	GlobalSection(SolutionProperties) = preSolution
		HideSolutionNode = FALSE
	EndGlobalSection
	GlobalSection(ExtensibilityGlobals) = postSolution
		SolutionGuid = {7EC85027-30D8-46DD-9E16-452B224848C4}
	EndGlobalSection
EndGlobal
